# This file is automatically @generated by Poetry 1.8.4 and should not be changed by hand.

[[package]]
name = "asgiref"
version = "3.8.1"
description = "ASGI specs, helper code, and adapters"
optional = false
python-versions = ">=3.8"
files = [
    {file = "asgiref-3.8.1-py3-none-any.whl", hash = "sha256:3e1e3ecc849832fe52ccf2cb6686b7a55f82bb1d6aee72a58826471390335e47"},
    {file = "asgiref-3.8.1.tar.gz", hash = "sha256:c343bd80a0bec947a9860adb4c432ffa7db769836c64238fc34bdc3fec84d590"},
]

[package.extras]
tests = ["mypy (>=0.800)", "pytest", "pytest-asyncio"]

[[package]]
name = "black"
version = "24.10.0"
description = "The uncompromising code formatter."
optional = false
python-versions = ">=3.9"
files = [
    {file = "black-24.10.0-cp310-cp310-macosx_10_9_x86_64.whl", hash = "sha256:e6668650ea4b685440857138e5fe40cde4d652633b1bdffc62933d0db4ed9812"},
    {file = "black-24.10.0-cp310-cp310-macosx_11_0_arm64.whl", hash = "sha256:1c536fcf674217e87b8cc3657b81809d3c085d7bf3ef262ead700da345bfa6ea"},
    {file = "black-24.10.0-cp310-cp310-manylinux_2_17_x86_64.manylinux2014_x86_64.manylinux_2_28_x86_64.whl", hash = "sha256:649fff99a20bd06c6f727d2a27f401331dc0cc861fb69cde910fe95b01b5928f"},
    {file = "black-24.10.0-cp310-cp310-win_amd64.whl", hash = "sha256:fe4d6476887de70546212c99ac9bd803d90b42fc4767f058a0baa895013fbb3e"},
    {file = "black-24.10.0-cp311-cp311-macosx_10_9_x86_64.whl", hash = "sha256:5a2221696a8224e335c28816a9d331a6c2ae15a2ee34ec857dcf3e45dbfa99ad"},
    {file = "black-24.10.0-cp311-cp311-macosx_11_0_arm64.whl", hash = "sha256:f9da3333530dbcecc1be13e69c250ed8dfa67f43c4005fb537bb426e19200d50"},
    {file = "black-24.10.0-cp311-cp311-manylinux_2_17_x86_64.manylinux2014_x86_64.manylinux_2_28_x86_64.whl", hash = "sha256:4007b1393d902b48b36958a216c20c4482f601569d19ed1df294a496eb366392"},
    {file = "black-24.10.0-cp311-cp311-win_amd64.whl", hash = "sha256:394d4ddc64782e51153eadcaaca95144ac4c35e27ef9b0a42e121ae7e57a9175"},
    {file = "black-24.10.0-cp312-cp312-macosx_10_13_x86_64.whl", hash = "sha256:b5e39e0fae001df40f95bd8cc36b9165c5e2ea88900167bddf258bacef9bbdc3"},
    {file = "black-24.10.0-cp312-cp312-macosx_11_0_arm64.whl", hash = "sha256:d37d422772111794b26757c5b55a3eade028aa3fde43121ab7b673d050949d65"},
    {file = "black-24.10.0-cp312-cp312-manylinux_2_17_x86_64.manylinux2014_x86_64.manylinux_2_28_x86_64.whl", hash = "sha256:14b3502784f09ce2443830e3133dacf2c0110d45191ed470ecb04d0f5f6fcb0f"},
    {file = "black-24.10.0-cp312-cp312-win_amd64.whl", hash = "sha256:30d2c30dc5139211dda799758559d1b049f7f14c580c409d6ad925b74a4208a8"},
    {file = "black-24.10.0-cp313-cp313-macosx_10_13_x86_64.whl", hash = "sha256:1cbacacb19e922a1d75ef2b6ccaefcd6e93a2c05ede32f06a21386a04cedb981"},
    {file = "black-24.10.0-cp313-cp313-macosx_11_0_arm64.whl", hash = "sha256:1f93102e0c5bb3907451063e08b9876dbeac810e7da5a8bfb7aeb5a9ef89066b"},
    {file = "black-24.10.0-cp313-cp313-manylinux_2_17_x86_64.manylinux2014_x86_64.manylinux_2_28_x86_64.whl", hash = "sha256:ddacb691cdcdf77b96f549cf9591701d8db36b2f19519373d60d31746068dbf2"},
    {file = "black-24.10.0-cp313-cp313-win_amd64.whl", hash = "sha256:680359d932801c76d2e9c9068d05c6b107f2584b2a5b88831c83962eb9984c1b"},
    {file = "black-24.10.0-cp39-cp39-macosx_10_9_x86_64.whl", hash = "sha256:17374989640fbca88b6a448129cd1745c5eb8d9547b464f281b251dd00155ccd"},
    {file = "black-24.10.0-cp39-cp39-macosx_11_0_arm64.whl", hash = "sha256:63f626344343083322233f175aaf372d326de8436f5928c042639a4afbbf1d3f"},
    {file = "black-24.10.0-cp39-cp39-manylinux_2_17_x86_64.manylinux2014_x86_64.manylinux_2_28_x86_64.whl", hash = "sha256:ccfa1d0cb6200857f1923b602f978386a3a2758a65b52e0950299ea014be6800"},
    {file = "black-24.10.0-cp39-cp39-win_amd64.whl", hash = "sha256:2cd9c95431d94adc56600710f8813ee27eea544dd118d45896bb734e9d7a0dc7"},
    {file = "black-24.10.0-py3-none-any.whl", hash = "sha256:3bb2b7a1f7b685f85b11fed1ef10f8a9148bceb49853e47a294a3dd963c1dd7d"},
    {file = "black-24.10.0.tar.gz", hash = "sha256:846ea64c97afe3bc677b761787993be4991810ecc7a4a937816dd6bddedc4875"},
]

[package.dependencies]
click = ">=8.0.0"
mypy-extensions = ">=0.4.3"
packaging = ">=22.0"
pathspec = ">=0.9.0"
platformdirs = ">=2"

[package.extras]
colorama = ["colorama (>=0.4.3)"]
d = ["aiohttp (>=3.10)"]
jupyter = ["ipython (>=7.8.0)", "tokenize-rt (>=3.2.0)"]
uvloop = ["uvloop (>=0.15.2)"]

[[package]]
name = "click"
version = "8.1.7"
description = "Composable command line interface toolkit"
optional = false
python-versions = ">=3.7"
files = [
    {file = "click-8.1.7-py3-none-any.whl", hash = "sha256:ae74fb96c20a0277a1d615f1e4d73c8414f5a98db8b799a7931d1582f3390c28"},
    {file = "click-8.1.7.tar.gz", hash = "sha256:ca9853ad459e787e2192211578cc907e7594e294c7ccc834310722b41b9ca6de"},
]

[package.dependencies]
colorama = {version = "*", markers = "platform_system == \"Windows\""}

[[package]]
name = "colorama"
version = "0.4.6"
description = "Cross-platform colored terminal text."
optional = false
python-versions = "!=3.0.*,!=3.1.*,!=3.2.*,!=3.3.*,!=3.4.*,!=3.5.*,!=3.6.*,>=2.7"
files = [
    {file = "colorama-0.4.6-py2.py3-none-any.whl", hash = "sha256:4f1d9991f5acc0ca119f9d443620b77f9d6b33703e51011c16baf57afb285fc6"},
    {file = "colorama-0.4.6.tar.gz", hash = "sha256:08695f5cb7ed6e0531a20572697297273c47b8cae5a63ffc6d6ed5c201be6e44"},
]

[[package]]
name = "django"
version = "5.1.3"
description = "A high-level Python web framework that encourages rapid development and clean, pragmatic design."
optional = false
python-versions = ">=3.10"
files = [
    {file = "Django-5.1.3-py3-none-any.whl", hash = "sha256:8b38a9a12da3ae00cb0ba72da985ec4b14de6345046b1e174b1fd7254398f818"},
    {file = "Django-5.1.3.tar.gz", hash = "sha256:c0fa0e619c39325a169208caef234f90baa925227032ad3f44842ba14d75234a"},
]

[package.dependencies]
asgiref = ">=3.8.1,<4"
sqlparse = ">=0.3.1"
tzdata = {version = "*", markers = "sys_platform == \"win32\""}

[package.extras]
argon2 = ["argon2-cffi (>=19.1.0)"]
bcrypt = ["bcrypt"]

[[package]]
name = "django-stubs"
version = "5.1.1"
description = "Mypy stubs for Django"
optional = false
python-versions = ">=3.8"
files = [
    {file = "django_stubs-5.1.1-py3-none-any.whl", hash = "sha256:c4dc64260bd72e6d32b9e536e8dd0d9247922f0271f82d1d5132a18f24b388ac"},
    {file = "django_stubs-5.1.1.tar.gz", hash = "sha256:126d354bbdff4906c4e93e6361197f6fbfb6231c3df6def85a291dae6f9f577b"},
]

[package.dependencies]
asgiref = "*"
django = "*"
django-stubs-ext = ">=5.1.1"
types-PyYAML = "*"
typing-extensions = ">=4.11.0"

[package.extras]
compatible-mypy = ["mypy (>=1.12,<1.14)"]
oracle = ["oracledb"]
redis = ["redis"]

[[package]]
name = "django-stubs-ext"
version = "5.1.1"
description = "Monkey-patching and extensions for django-stubs"
optional = false
python-versions = ">=3.8"
files = [
    {file = "django_stubs_ext-5.1.1-py3-none-any.whl", hash = "sha256:3907f99e178c93323e2ce908aef8352adb8c047605161f8d9e5e7b4efb5a6a9c"},
    {file = "django_stubs_ext-5.1.1.tar.gz", hash = "sha256:db7364e4f50ae7e5360993dbd58a3a57ea4b2e7e5bab0fbd525ccdb3e7975d1c"},
]

[package.dependencies]
django = "*"
typing-extensions = "*"

[[package]]
name = "environs"
version = "11.0.0"
description = "simplified environment variable parsing"
optional = false
python-versions = ">=3.8"
files = [
    {file = "environs-11.0.0-py3-none-any.whl", hash = "sha256:e0bcfd41c718c07a7db422f9109e490746450da38793fe4ee197f397b9343435"},
    {file = "environs-11.0.0.tar.gz", hash = "sha256:069727a8f73d8ba8d033d3cd95c0da231d44f38f1da773bf076cef168d312ee8"},
]

[package.dependencies]
marshmallow = ">=3.13.0"
python-dotenv = "*"

[package.extras]
dev = ["environs[tests]", "pre-commit (>=3.5,<4.0)", "tox"]
django = ["dj-database-url", "dj-email-url", "django-cache-url"]
tests = ["environs[django]", "pytest"]

[[package]]
name = "hiredis"
version = "3.0.0"
description = "Python wrapper for hiredis"
optional = false
python-versions = ">=3.8"
files = [
    {file = "hiredis-3.0.0-cp310-cp310-macosx_10_15_universal2.whl", hash = "sha256:4b182791c41c5eb1d9ed736f0ff81694b06937ca14b0d4dadde5dadba7ff6dae"},
    {file = "hiredis-3.0.0-cp310-cp310-macosx_10_15_x86_64.whl", hash = "sha256:13c275b483a052dd645eb2cb60d6380f1f5215e4c22d6207e17b86be6dd87ffa"},
    {file = "hiredis-3.0.0-cp310-cp310-macosx_11_0_arm64.whl", hash = "sha256:c1018cc7f12824506f165027eabb302735b49e63af73eb4d5450c66c88f47026"},
    {file = "hiredis-3.0.0-cp310-cp310-manylinux_2_17_aarch64.manylinux2014_aarch64.whl", hash = "sha256:83a29cc7b21b746cb6a480189e49f49b2072812c445e66a9e38d2004d496b81c"},
    {file = "hiredis-3.0.0-cp310-cp310-manylinux_2_17_ppc64le.manylinux2014_ppc64le.whl", hash = "sha256:e241fab6332e8fb5f14af00a4a9c6aefa22f19a336c069b7ddbf28ef8341e8d6"},
    {file = "hiredis-3.0.0-cp310-cp310-manylinux_2_17_s390x.manylinux2014_s390x.whl", hash = "sha256:1fb8de899f0145d6c4d5d4bd0ee88a78eb980a7ffabd51e9889251b8f58f1785"},
    {file = "hiredis-3.0.0-cp310-cp310-manylinux_2_17_x86_64.manylinux2014_x86_64.whl", hash = "sha256:b23291951959141173eec10f8573538e9349fa27f47a0c34323d1970bf891ee5"},
    {file = "hiredis-3.0.0-cp310-cp310-manylinux_2_5_i686.manylinux1_i686.manylinux_2_17_i686.manylinux2014_i686.whl", hash = "sha256:e421ac9e4b5efc11705a0d5149e641d4defdc07077f748667f359e60dc904420"},
    {file = "hiredis-3.0.0-cp310-cp310-musllinux_1_2_aarch64.whl", hash = "sha256:77c8006c12154c37691b24ff293c077300c22944018c3ff70094a33e10c1d795"},
    {file = "hiredis-3.0.0-cp310-cp310-musllinux_1_2_i686.whl", hash = "sha256:41afc0d3c18b59eb50970479a9c0e5544fb4b95e3a79cf2fbaece6ddefb926fe"},
    {file = "hiredis-3.0.0-cp310-cp310-musllinux_1_2_ppc64le.whl", hash = "sha256:04ccae6dcd9647eae6025425ab64edb4d79fde8b9e6e115ebfabc6830170e3b2"},
    {file = "hiredis-3.0.0-cp310-cp310-musllinux_1_2_s390x.whl", hash = "sha256:fe91d62b0594db5ea7d23fc2192182b1a7b6973f628a9b8b2e0a42a2be721ac6"},
    {file = "hiredis-3.0.0-cp310-cp310-musllinux_1_2_x86_64.whl", hash = "sha256:99516d99316062824a24d145d694f5b0d030c80da693ea6f8c4ecf71a251d8bb"},
    {file = "hiredis-3.0.0-cp310-cp310-win32.whl", hash = "sha256:562eaf820de045eb487afaa37e6293fe7eceb5b25e158b5a1974b7e40bf04543"},
    {file = "hiredis-3.0.0-cp310-cp310-win_amd64.whl", hash = "sha256:a1c81c89ed765198da27412aa21478f30d54ef69bf5e4480089d9c3f77b8f882"},
    {file = "hiredis-3.0.0-cp311-cp311-macosx_10_15_universal2.whl", hash = "sha256:4664dedcd5933364756d7251a7ea86d60246ccf73a2e00912872dacbfcef8978"},
    {file = "hiredis-3.0.0-cp311-cp311-macosx_10_15_x86_64.whl", hash = "sha256:47de0bbccf4c8a9f99d82d225f7672b9dd690d8fd872007b933ef51a302c9fa6"},
    {file = "hiredis-3.0.0-cp311-cp311-macosx_11_0_arm64.whl", hash = "sha256:e43679eca508ba8240d016d8cca9d27342d70184773c15bea78a23c87a1922f1"},
    {file = "hiredis-3.0.0-cp311-cp311-manylinux_2_17_aarch64.manylinux2014_aarch64.whl", hash = "sha256:13c345e7278c210317e77e1934b27b61394fee0dec2e8bd47e71570900f75823"},
    {file = "hiredis-3.0.0-cp311-cp311-manylinux_2_17_ppc64le.manylinux2014_ppc64le.whl", hash = "sha256:00018f22f38530768b73ea86c11f47e8d4df65facd4e562bd78773bd1baef35e"},
    {file = "hiredis-3.0.0-cp311-cp311-manylinux_2_17_s390x.manylinux2014_s390x.whl", hash = "sha256:4ea3a86405baa8eb0d3639ced6926ad03e07113de54cb00fd7510cb0db76a89d"},
    {file = "hiredis-3.0.0-cp311-cp311-manylinux_2_17_x86_64.manylinux2014_x86_64.whl", hash = "sha256:c073848d2b1d5561f3903879ccf4e1a70c9b1e7566c7bdcc98d082fa3e7f0a1d"},
    {file = "hiredis-3.0.0-cp311-cp311-manylinux_2_5_i686.manylinux1_i686.manylinux_2_17_i686.manylinux2014_i686.whl", hash = "sha256:5a8dffb5f5b3415a4669d25de48b617fd9d44b0bccfc4c2ab24b06406ecc9ecb"},
    {file = "hiredis-3.0.0-cp311-cp311-musllinux_1_2_aarch64.whl", hash = "sha256:22c17c96143c2a62dfd61b13803bc5de2ac526b8768d2141c018b965d0333b66"},
    {file = "hiredis-3.0.0-cp311-cp311-musllinux_1_2_i686.whl", hash = "sha256:c3ece960008dab66c6b8bb3a1350764677ee7c74ccd6270aaf1b1caf9ccebb46"},
    {file = "hiredis-3.0.0-cp311-cp311-musllinux_1_2_ppc64le.whl", hash = "sha256:f75999ae00a920f7dce6ecae76fa5e8674a3110e5a75f12c7a2c75ae1af53396"},
    {file = "hiredis-3.0.0-cp311-cp311-musllinux_1_2_s390x.whl", hash = "sha256:e069967cbd5e1900aafc4b5943888f6d34937fc59bf8918a1a546cb729b4b1e4"},
    {file = "hiredis-3.0.0-cp311-cp311-musllinux_1_2_x86_64.whl", hash = "sha256:0aacc0a78e1d94d843a6d191f224a35893e6bdfeb77a4a89264155015c65f126"},
    {file = "hiredis-3.0.0-cp311-cp311-win32.whl", hash = "sha256:719c32147ba29528cb451f037bf837dcdda4ff3ddb6cdb12c4216b0973174718"},
    {file = "hiredis-3.0.0-cp311-cp311-win_amd64.whl", hash = "sha256:bdc144d56333c52c853c31b4e2e52cfbdb22d3da4374c00f5f3d67c42158970f"},
    {file = "hiredis-3.0.0-cp312-cp312-macosx_10_15_universal2.whl", hash = "sha256:484025d2eb8f6348f7876fc5a2ee742f568915039fcb31b478fd5c242bb0fe3a"},
    {file = "hiredis-3.0.0-cp312-cp312-macosx_10_15_x86_64.whl", hash = "sha256:fcdb552ffd97151dab8e7bc3ab556dfa1512556b48a367db94b5c20253a35ee1"},
    {file = "hiredis-3.0.0-cp312-cp312-macosx_11_0_arm64.whl", hash = "sha256:0bb6f9fd92f147ba11d338ef5c68af4fd2908739c09e51f186e1d90958c68cc1"},
    {file = "hiredis-3.0.0-cp312-cp312-manylinux_2_17_aarch64.manylinux2014_aarch64.whl", hash = "sha256:fa86bf9a0ed339ec9e8a9a9d0ae4dccd8671625c83f9f9f2640729b15e07fbfd"},
    {file = "hiredis-3.0.0-cp312-cp312-manylinux_2_17_ppc64le.manylinux2014_ppc64le.whl", hash = "sha256:e194a0d5df9456995d8f510eab9f529213e7326af6b94770abf8f8b7952ddcaa"},
    {file = "hiredis-3.0.0-cp312-cp312-manylinux_2_17_s390x.manylinux2014_s390x.whl", hash = "sha256:c8a1df39d74ec507d79c7a82c8063eee60bf80537cdeee652f576059b9cdd15c"},
    {file = "hiredis-3.0.0-cp312-cp312-manylinux_2_17_x86_64.manylinux2014_x86_64.whl", hash = "sha256:f91456507427ba36fd81b2ca11053a8e112c775325acc74e993201ea912d63e9"},
    {file = "hiredis-3.0.0-cp312-cp312-manylinux_2_5_i686.manylinux1_i686.manylinux_2_17_i686.manylinux2014_i686.whl", hash = "sha256:9862db92ef67a8a02e0d5370f07d380e14577ecb281b79720e0d7a89aedb9ee5"},
    {file = "hiredis-3.0.0-cp312-cp312-musllinux_1_2_aarch64.whl", hash = "sha256:d10fcd9e0eeab835f492832b2a6edb5940e2f1230155f33006a8dfd3bd2c94e4"},
    {file = "hiredis-3.0.0-cp312-cp312-musllinux_1_2_i686.whl", hash = "sha256:48727d7d405d03977d01885f317328dc21d639096308de126c2c4e9950cbd3c9"},
    {file = "hiredis-3.0.0-cp312-cp312-musllinux_1_2_ppc64le.whl", hash = "sha256:8e0bb6102ebe2efecf8a3292c6660a0e6fac98176af6de67f020bea1c2343717"},
    {file = "hiredis-3.0.0-cp312-cp312-musllinux_1_2_s390x.whl", hash = "sha256:df274e3abb4df40f4c7274dd3e587dfbb25691826c948bc98d5fead019dfb001"},
    {file = "hiredis-3.0.0-cp312-cp312-musllinux_1_2_x86_64.whl", hash = "sha256:034925b5fb514f7b11aac38cd55b3fd7e9d3af23bd6497f3f20aa5b8ba58e232"},
    {file = "hiredis-3.0.0-cp312-cp312-win32.whl", hash = "sha256:120f2dda469b28d12ccff7c2230225162e174657b49cf4cd119db525414ae281"},
    {file = "hiredis-3.0.0-cp312-cp312-win_amd64.whl", hash = "sha256:e584fe5f4e6681d8762982be055f1534e0170f6308a7a90f58d737bab12ff6a8"},
    {file = "hiredis-3.0.0-cp38-cp38-macosx_10_15_universal2.whl", hash = "sha256:122171ff47d96ed8dd4bba6c0e41d8afaba3e8194949f7720431a62aa29d8895"},
    {file = "hiredis-3.0.0-cp38-cp38-macosx_10_15_x86_64.whl", hash = "sha256:ba9fc605ac558f0de67463fb588722878641e6fa1dabcda979e8e69ff581d0bd"},
    {file = "hiredis-3.0.0-cp38-cp38-macosx_11_0_arm64.whl", hash = "sha256:a631e2990b8be23178f655cae8ac6c7422af478c420dd54e25f2e26c29e766f1"},
    {file = "hiredis-3.0.0-cp38-cp38-manylinux_2_17_aarch64.manylinux2014_aarch64.whl", hash = "sha256:63482db3fadebadc1d01ad33afa6045ebe2ea528eb77ccaabd33ee7d9c2bad48"},
    {file = "hiredis-3.0.0-cp38-cp38-manylinux_2_17_ppc64le.manylinux2014_ppc64le.whl", hash = "sha256:1f669212c390eebfbe03c4e20181f5970b82c5d0a0ad1df1785f7ffbe7d61150"},
    {file = "hiredis-3.0.0-cp38-cp38-manylinux_2_17_s390x.manylinux2014_s390x.whl", hash = "sha256:a6a49ef161739f8018c69b371528bdb47d7342edfdee9ddc75a4d8caddf45a6e"},
    {file = "hiredis-3.0.0-cp38-cp38-manylinux_2_17_x86_64.manylinux2014_x86_64.whl", hash = "sha256:98a152052b8878e5e43a2e3a14075218adafc759547c98668a21e9485882696c"},
    {file = "hiredis-3.0.0-cp38-cp38-manylinux_2_5_i686.manylinux1_i686.manylinux_2_17_i686.manylinux2014_i686.whl", hash = "sha256:50a196af0ce657fcde9bf8a0bbe1032e22c64d8fcec2bc926a35e7ff68b3a166"},
    {file = "hiredis-3.0.0-cp38-cp38-musllinux_1_2_aarch64.whl", hash = "sha256:f2f312eef8aafc2255e3585dcf94d5da116c43ef837db91db9ecdc1bc930072d"},
    {file = "hiredis-3.0.0-cp38-cp38-musllinux_1_2_i686.whl", hash = "sha256:6ca41fa40fa019cde42c21add74aadd775e71458051a15a352eabeb12eb4d084"},
    {file = "hiredis-3.0.0-cp38-cp38-musllinux_1_2_ppc64le.whl", hash = "sha256:6eecb343c70629f5af55a8b3e53264e44fa04e155ef7989de13668a0cb102a90"},
    {file = "hiredis-3.0.0-cp38-cp38-musllinux_1_2_s390x.whl", hash = "sha256:c3fdad75e7837a475900a1d3a5cc09aa024293c3b0605155da2d42f41bc0e482"},
    {file = "hiredis-3.0.0-cp38-cp38-musllinux_1_2_x86_64.whl", hash = "sha256:8854969e7480e8d61ed7549eb232d95082a743e94138d98d7222ba4e9f7ecacd"},
    {file = "hiredis-3.0.0-cp38-cp38-win32.whl", hash = "sha256:f114a6c86edbf17554672b050cce72abf489fe58d583c7921904d5f1c9691605"},
    {file = "hiredis-3.0.0-cp38-cp38-win_amd64.whl", hash = "sha256:7d99b91e42217d7b4b63354b15b41ce960e27d216783e04c4a350224d55842a4"},
    {file = "hiredis-3.0.0-cp39-cp39-macosx_10_15_universal2.whl", hash = "sha256:4c6efcbb5687cf8d2aedcc2c3ed4ac6feae90b8547427d417111194873b66b06"},
    {file = "hiredis-3.0.0-cp39-cp39-macosx_10_15_x86_64.whl", hash = "sha256:5b5cff42a522a0d81c2ae7eae5e56d0ee7365e0c4ad50c4de467d8957aff4414"},
    {file = "hiredis-3.0.0-cp39-cp39-macosx_11_0_arm64.whl", hash = "sha256:82f794d564f4bc76b80c50b03267fe5d6589e93f08e66b7a2f674faa2fa76ebc"},
    {file = "hiredis-3.0.0-cp39-cp39-manylinux_2_17_aarch64.manylinux2014_aarch64.whl", hash = "sha256:d7a4c1791d7aa7e192f60fe028ae409f18ccdd540f8b1e6aeb0df7816c77e4a4"},
    {file = "hiredis-3.0.0-cp39-cp39-manylinux_2_17_ppc64le.manylinux2014_ppc64le.whl", hash = "sha256:a2537b2cd98192323fce4244c8edbf11f3cac548a9d633dbbb12b48702f379f4"},
    {file = "hiredis-3.0.0-cp39-cp39-manylinux_2_17_s390x.manylinux2014_s390x.whl", hash = "sha256:8fed69bbaa307040c62195a269f82fc3edf46b510a17abb6b30a15d7dab548df"},
    {file = "hiredis-3.0.0-cp39-cp39-manylinux_2_17_x86_64.manylinux2014_x86_64.whl", hash = "sha256:869f6d5537d243080f44253491bb30aa1ec3c21754003b3bddeadedeb65842b0"},
    {file = "hiredis-3.0.0-cp39-cp39-manylinux_2_5_i686.manylinux1_i686.manylinux_2_17_i686.manylinux2014_i686.whl", hash = "sha256:d435ae89073d7cd51e6b6bf78369c412216261c9c01662e7008ff00978153729"},
    {file = "hiredis-3.0.0-cp39-cp39-musllinux_1_2_aarch64.whl", hash = "sha256:204b79b30a0e6be0dc2301a4d385bb61472809f09c49f400497f1cdd5a165c66"},
    {file = "hiredis-3.0.0-cp39-cp39-musllinux_1_2_i686.whl", hash = "sha256:3ea635101b739c12effd189cc19b2671c268abb03013fd1f6321ca29df3ca625"},
    {file = "hiredis-3.0.0-cp39-cp39-musllinux_1_2_ppc64le.whl", hash = "sha256:f359175197fd833c8dd7a8c288f1516be45415bb5c939862ab60c2918e1e1943"},
    {file = "hiredis-3.0.0-cp39-cp39-musllinux_1_2_s390x.whl", hash = "sha256:ac6d929cb33dd12ad3424b75725975f0a54b5b12dbff95f2a2d660c510aa106d"},
    {file = "hiredis-3.0.0-cp39-cp39-musllinux_1_2_x86_64.whl", hash = "sha256:100431e04d25a522ef2c3b94f294c4219c4de3bfc7d557b6253296145a144c11"},
    {file = "hiredis-3.0.0-cp39-cp39-win32.whl", hash = "sha256:e1a9c14ae9573d172dc050a6f63a644457df5d01ec4d35a6a0f097f812930f83"},
    {file = "hiredis-3.0.0-cp39-cp39-win_amd64.whl", hash = "sha256:54a6dd7b478e6eb01ce15b3bb5bf771e108c6c148315bf194eb2ab776a3cac4d"},
    {file = "hiredis-3.0.0-pp310-pypy310_pp73-macosx_10_15_x86_64.whl", hash = "sha256:50da7a9edf371441dfcc56288d790985ee9840d982750580710a9789b8f4a290"},
    {file = "hiredis-3.0.0-pp310-pypy310_pp73-macosx_11_0_arm64.whl", hash = "sha256:9b285ef6bf1581310b0d5e8f6ce64f790a1c40e89c660e1320b35f7515433672"},
    {file = "hiredis-3.0.0-pp310-pypy310_pp73-manylinux_2_17_aarch64.manylinux2014_aarch64.whl", hash = "sha256:0dcfa684966f25b335072115de2f920228a3c2caf79d4bfa2b30f6e4f674a948"},
    {file = "hiredis-3.0.0-pp310-pypy310_pp73-manylinux_2_17_x86_64.manylinux2014_x86_64.whl", hash = "sha256:a41be8af1fd78ca97bc948d789a09b730d1e7587d07ca53af05758f31f4b985d"},
    {file = "hiredis-3.0.0-pp310-pypy310_pp73-manylinux_2_5_i686.manylinux1_i686.manylinux_2_17_i686.manylinux2014_i686.whl", hash = "sha256:038756db735e417ab36ee6fd7725ce412385ed2bd0767e8179a4755ea11b804f"},
    {file = "hiredis-3.0.0-pp310-pypy310_pp73-win_amd64.whl", hash = "sha256:fcecbd39bd42cef905c0b51c9689c39d0cc8b88b1671e7f40d4fb213423aef3a"},
    {file = "hiredis-3.0.0-pp38-pypy38_pp73-macosx_10_15_x86_64.whl", hash = "sha256:a131377493a59fb0f5eaeb2afd49c6540cafcfba5b0b3752bed707be9e7c4eaf"},
    {file = "hiredis-3.0.0-pp38-pypy38_pp73-macosx_11_0_arm64.whl", hash = "sha256:3d22c53f0ec5c18ecb3d92aa9420563b1c5d657d53f01356114978107b00b860"},
    {file = "hiredis-3.0.0-pp38-pypy38_pp73-manylinux_2_17_aarch64.manylinux2014_aarch64.whl", hash = "sha256:c8a91e9520fbc65a799943e5c970ffbcd67905744d8becf2e75f9f0a5e8414f0"},
    {file = "hiredis-3.0.0-pp38-pypy38_pp73-manylinux_2_17_x86_64.manylinux2014_x86_64.whl", hash = "sha256:3dc8043959b50141df58ab4f398e8ae84c6f9e673a2c9407be65fc789138f4a6"},
    {file = "hiredis-3.0.0-pp38-pypy38_pp73-manylinux_2_5_i686.manylinux1_i686.manylinux_2_17_i686.manylinux2014_i686.whl", hash = "sha256:51b99cfac514173d7b8abdfe10338193e8a0eccdfe1870b646009d2fb7cbe4b5"},
    {file = "hiredis-3.0.0-pp38-pypy38_pp73-win_amd64.whl", hash = "sha256:fa1fcad89d8a41d8dc10b1e54951ec1e161deabd84ed5a2c95c3c7213bdb3514"},
    {file = "hiredis-3.0.0-pp39-pypy39_pp73-macosx_10_15_x86_64.whl", hash = "sha256:898636a06d9bf575d2c594129085ad6b713414038276a4bfc5db7646b8a5be78"},
    {file = "hiredis-3.0.0-pp39-pypy39_pp73-macosx_11_0_arm64.whl", hash = "sha256:466f836dbcf86de3f9692097a7a01533dc9926986022c6617dc364a402b265c5"},
    {file = "hiredis-3.0.0-pp39-pypy39_pp73-manylinux_2_17_aarch64.manylinux2014_aarch64.whl", hash = "sha256:23142a8af92a13fc1e3f2ca1d940df3dcf2af1d176be41fe8d89e30a837a0b60"},
    {file = "hiredis-3.0.0-pp39-pypy39_pp73-manylinux_2_17_x86_64.manylinux2014_x86_64.whl", hash = "sha256:793c80a3d6b0b0e8196a2d5de37a08330125668c8012922685e17aa9108c33ac"},
    {file = "hiredis-3.0.0-pp39-pypy39_pp73-manylinux_2_5_i686.manylinux1_i686.manylinux_2_17_i686.manylinux2014_i686.whl", hash = "sha256:467d28112c7faa29b7db743f40803d927c8591e9da02b6ce3d5fadc170a542a2"},
    {file = "hiredis-3.0.0-pp39-pypy39_pp73-win_amd64.whl", hash = "sha256:dc384874a719c767b50a30750f937af18842ee5e288afba95a5a3ed703b1515a"},
    {file = "hiredis-3.0.0.tar.gz", hash = "sha256:fed8581ae26345dea1f1e0d1a96e05041a727a45e7d8d459164583e23c6ac441"},
]

[[package]]
name = "isort"
version = "5.13.2"
description = "A Python utility / library to sort Python imports."
optional = false
python-versions = ">=3.8.0"
files = [
    {file = "isort-5.13.2-py3-none-any.whl", hash = "sha256:8ca5e72a8d85860d5a3fa69b8745237f2939afe12dbf656afbcb47fe72d947a6"},
    {file = "isort-5.13.2.tar.gz", hash = "sha256:48fdfcb9face5d58a4f6dde2e72a1fb8dcaf8ab26f95ab49fab84c2ddefb0109"},
]

[package.extras]
colors = ["colorama (>=0.4.6)"]

[[package]]
name = "marshmallow"
version = "3.23.1"
description = "A lightweight library for converting complex datatypes to and from native Python datatypes."
optional = false
python-versions = ">=3.9"
files = [
    {file = "marshmallow-3.23.1-py3-none-any.whl", hash = "sha256:fece2eb2c941180ea1b7fcbd4a83c51bfdd50093fdd3ad2585ee5e1df2508491"},
    {file = "marshmallow-3.23.1.tar.gz", hash = "sha256:3a8dfda6edd8dcdbf216c0ede1d1e78d230a6dc9c5a088f58c4083b974a0d468"},
]

[package.dependencies]
packaging = ">=17.0"

[package.extras]
dev = ["marshmallow[tests]", "pre-commit (>=3.5,<5.0)", "tox"]
docs = ["alabaster (==1.0.0)", "autodocsumm (==0.2.14)", "sphinx (==8.1.3)", "sphinx-issues (==5.0.0)", "sphinx-version-warning (==1.1.2)"]
tests = ["pytest", "simplejson"]

[[package]]
name = "mypy-extensions"
version = "1.0.0"
description = "Type system extensions for programs checked with the mypy type checker."
optional = false
python-versions = ">=3.5"
files = [
    {file = "mypy_extensions-1.0.0-py3-none-any.whl", hash = "sha256:4392f6c0eb8a5668a69e23d168ffa70f0be9ccfd32b5cc2d26a34ae5b844552d"},
    {file = "mypy_extensions-1.0.0.tar.gz", hash = "sha256:75dbf8955dc00442a438fc4d0666508a9a97b6bd41aa2f0ffe9d2f2725af0782"},
]

[[package]]
name = "orjson"
version = "3.10.11"
description = "Fast, correct Python JSON library supporting dataclasses, datetimes, and numpy"
optional = false
python-versions = ">=3.8"
files = [
    {file = "orjson-3.10.11-cp310-cp310-macosx_10_15_x86_64.macosx_11_0_arm64.macosx_10_15_universal2.whl", hash = "sha256:6dade64687f2bd7c090281652fe18f1151292d567a9302b34c2dbb92a3872f1f"},
    {file = "orjson-3.10.11-cp310-cp310-manylinux_2_17_aarch64.manylinux2014_aarch64.whl", hash = "sha256:82f07c550a6ccd2b9290849b22316a609023ed851a87ea888c0456485a7d196a"},
    {file = "orjson-3.10.11-cp310-cp310-manylinux_2_17_armv7l.manylinux2014_armv7l.whl", hash = "sha256:bd9a187742d3ead9df2e49240234d728c67c356516cf4db018833a86f20ec18c"},
    {file = "orjson-3.10.11-cp310-cp310-manylinux_2_17_ppc64le.manylinux2014_ppc64le.whl", hash = "sha256:77b0fed6f209d76c1c39f032a70df2d7acf24b1812ca3e6078fd04e8972685a3"},
    {file = "orjson-3.10.11-cp310-cp310-manylinux_2_17_s390x.manylinux2014_s390x.whl", hash = "sha256:63fc9d5fe1d4e8868f6aae547a7b8ba0a2e592929245fff61d633f4caccdcdd6"},
    {file = "orjson-3.10.11-cp310-cp310-manylinux_2_17_x86_64.manylinux2014_x86_64.whl", hash = "sha256:65cd3e3bb4fbb4eddc3c1e8dce10dc0b73e808fcb875f9fab40c81903dd9323e"},
    {file = "orjson-3.10.11-cp310-cp310-musllinux_1_2_aarch64.whl", hash = "sha256:6f67c570602300c4befbda12d153113b8974a3340fdcf3d6de095ede86c06d92"},
    {file = "orjson-3.10.11-cp310-cp310-musllinux_1_2_x86_64.whl", hash = "sha256:1f39728c7f7d766f1f5a769ce4d54b5aaa4c3f92d5b84817053cc9995b977acc"},
    {file = "orjson-3.10.11-cp310-none-win32.whl", hash = "sha256:1789d9db7968d805f3d94aae2c25d04014aae3a2fa65b1443117cd462c6da647"},
    {file = "orjson-3.10.11-cp310-none-win_amd64.whl", hash = "sha256:5576b1e5a53a5ba8f8df81872bb0878a112b3ebb1d392155f00f54dd86c83ff6"},
    {file = "orjson-3.10.11-cp311-cp311-macosx_10_15_x86_64.macosx_11_0_arm64.macosx_10_15_universal2.whl", hash = "sha256:1444f9cb7c14055d595de1036f74ecd6ce15f04a715e73f33bb6326c9cef01b6"},
    {file = "orjson-3.10.11-cp311-cp311-manylinux_2_17_aarch64.manylinux2014_aarch64.whl", hash = "sha256:cdec57fe3b4bdebcc08a946db3365630332dbe575125ff3d80a3272ebd0ddafe"},
    {file = "orjson-3.10.11-cp311-cp311-manylinux_2_17_armv7l.manylinux2014_armv7l.whl", hash = "sha256:4eed32f33a0ea6ef36ccc1d37f8d17f28a1d6e8eefae5928f76aff8f1df85e67"},
    {file = "orjson-3.10.11-cp311-cp311-manylinux_2_17_ppc64le.manylinux2014_ppc64le.whl", hash = "sha256:80df27dd8697242b904f4ea54820e2d98d3f51f91e97e358fc13359721233e4b"},
    {file = "orjson-3.10.11-cp311-cp311-manylinux_2_17_s390x.manylinux2014_s390x.whl", hash = "sha256:705f03cee0cb797256d54de6695ef219e5bc8c8120b6654dd460848d57a9af3d"},
    {file = "orjson-3.10.11-cp311-cp311-manylinux_2_17_x86_64.manylinux2014_x86_64.whl", hash = "sha256:03246774131701de8e7059b2e382597da43144a9a7400f178b2a32feafc54bd5"},
    {file = "orjson-3.10.11-cp311-cp311-musllinux_1_2_aarch64.whl", hash = "sha256:8b5759063a6c940a69c728ea70d7c33583991c6982915a839c8da5f957e0103a"},
    {file = "orjson-3.10.11-cp311-cp311-musllinux_1_2_x86_64.whl", hash = "sha256:677f23e32491520eebb19c99bb34675daf5410c449c13416f7f0d93e2cf5f981"},
    {file = "orjson-3.10.11-cp311-none-win32.whl", hash = "sha256:a11225d7b30468dcb099498296ffac36b4673a8398ca30fdaec1e6c20df6aa55"},
    {file = "orjson-3.10.11-cp311-none-win_amd64.whl", hash = "sha256:df8c677df2f9f385fcc85ab859704045fa88d4668bc9991a527c86e710392bec"},
    {file = "orjson-3.10.11-cp312-cp312-macosx_10_15_x86_64.macosx_11_0_arm64.macosx_10_15_universal2.whl", hash = "sha256:360a4e2c0943da7c21505e47cf6bd725588962ff1d739b99b14e2f7f3545ba51"},
    {file = "orjson-3.10.11-cp312-cp312-manylinux_2_17_aarch64.manylinux2014_aarch64.whl", hash = "sha256:496e2cb45de21c369079ef2d662670a4892c81573bcc143c4205cae98282ba97"},
    {file = "orjson-3.10.11-cp312-cp312-manylinux_2_17_armv7l.manylinux2014_armv7l.whl", hash = "sha256:7dfa8db55c9792d53c5952900c6a919cfa377b4f4534c7a786484a6a4a350c19"},
    {file = "orjson-3.10.11-cp312-cp312-manylinux_2_17_ppc64le.manylinux2014_ppc64le.whl", hash = "sha256:51f3382415747e0dbda9dade6f1e1a01a9d37f630d8c9049a8ed0e385b7a90c0"},
    {file = "orjson-3.10.11-cp312-cp312-manylinux_2_17_s390x.manylinux2014_s390x.whl", hash = "sha256:f35a1b9f50a219f470e0e497ca30b285c9f34948d3c8160d5ad3a755d9299433"},
    {file = "orjson-3.10.11-cp312-cp312-manylinux_2_17_x86_64.manylinux2014_x86_64.whl", hash = "sha256:e2f3b7c5803138e67028dde33450e054c87e0703afbe730c105f1fcd873496d5"},
    {file = "orjson-3.10.11-cp312-cp312-musllinux_1_2_aarch64.whl", hash = "sha256:f91d9eb554310472bd09f5347950b24442600594c2edc1421403d7610a0998fd"},
    {file = "orjson-3.10.11-cp312-cp312-musllinux_1_2_x86_64.whl", hash = "sha256:dfbb2d460a855c9744bbc8e36f9c3a997c4b27d842f3d5559ed54326e6911f9b"},
    {file = "orjson-3.10.11-cp312-none-win32.whl", hash = "sha256:d4a62c49c506d4d73f59514986cadebb7e8d186ad510c518f439176cf8d5359d"},
    {file = "orjson-3.10.11-cp312-none-win_amd64.whl", hash = "sha256:f1eec3421a558ff7a9b010a6c7effcfa0ade65327a71bb9b02a1c3b77a247284"},
    {file = "orjson-3.10.11-cp313-cp313-macosx_10_15_x86_64.macosx_11_0_arm64.macosx_10_15_universal2.whl", hash = "sha256:c46294faa4e4d0eb73ab68f1a794d2cbf7bab33b1dda2ac2959ffb7c61591899"},
    {file = "orjson-3.10.11-cp313-cp313-manylinux_2_17_aarch64.manylinux2014_aarch64.whl", hash = "sha256:52e5834d7d6e58a36846e059d00559cb9ed20410664f3ad156cd2cc239a11230"},
    {file = "orjson-3.10.11-cp313-cp313-manylinux_2_17_x86_64.manylinux2014_x86_64.whl", hash = "sha256:a2fc947e5350fdce548bfc94f434e8760d5cafa97fb9c495d2fef6757aa02ec0"},
    {file = "orjson-3.10.11-cp313-cp313-musllinux_1_2_aarch64.whl", hash = "sha256:0efabbf839388a1dab5b72b5d3baedbd6039ac83f3b55736eb9934ea5494d258"},
    {file = "orjson-3.10.11-cp313-cp313-musllinux_1_2_x86_64.whl", hash = "sha256:a3f29634260708c200c4fe148e42b4aae97d7b9fee417fbdd74f8cfc265f15b0"},
    {file = "orjson-3.10.11-cp313-none-win32.whl", hash = "sha256:1a1222ffcee8a09476bbdd5d4f6f33d06d0d6642df2a3d78b7a195ca880d669b"},
    {file = "orjson-3.10.11-cp313-none-win_amd64.whl", hash = "sha256:bc274ac261cc69260913b2d1610760e55d3c0801bb3457ba7b9004420b6b4270"},
    {file = "orjson-3.10.11-cp38-cp38-macosx_10_15_x86_64.macosx_11_0_arm64.macosx_10_15_universal2.whl", hash = "sha256:19b3763e8bbf8ad797df6b6b5e0fc7c843ec2e2fc0621398534e0c6400098f87"},
    {file = "orjson-3.10.11-cp38-cp38-manylinux_2_17_aarch64.manylinux2014_aarch64.whl", hash = "sha256:1be83a13312e5e58d633580c5eb8d0495ae61f180da2722f20562974188af205"},
    {file = "orjson-3.10.11-cp38-cp38-manylinux_2_17_armv7l.manylinux2014_armv7l.whl", hash = "sha256:afacfd1ab81f46dedd7f6001b6d4e8de23396e4884cd3c3436bd05defb1a6446"},
    {file = "orjson-3.10.11-cp38-cp38-manylinux_2_17_ppc64le.manylinux2014_ppc64le.whl", hash = "sha256:cb4d0bea56bba596723d73f074c420aec3b2e5d7d30698bc56e6048066bd560c"},
    {file = "orjson-3.10.11-cp38-cp38-manylinux_2_17_s390x.manylinux2014_s390x.whl", hash = "sha256:96ed1de70fcb15d5fed529a656df29f768187628727ee2788344e8a51e1c1350"},
    {file = "orjson-3.10.11-cp38-cp38-manylinux_2_17_x86_64.manylinux2014_x86_64.whl", hash = "sha256:4bfb30c891b530f3f80e801e3ad82ef150b964e5c38e1fb8482441c69c35c61c"},
    {file = "orjson-3.10.11-cp38-cp38-musllinux_1_2_aarch64.whl", hash = "sha256:d496c74fc2b61341e3cefda7eec21b7854c5f672ee350bc55d9a4997a8a95204"},
    {file = "orjson-3.10.11-cp38-cp38-musllinux_1_2_x86_64.whl", hash = "sha256:655a493bac606655db9a47fe94d3d84fc7f3ad766d894197c94ccf0c5408e7d3"},
    {file = "orjson-3.10.11-cp38-none-win32.whl", hash = "sha256:b9546b278c9fb5d45380f4809e11b4dd9844ca7aaf1134024503e134ed226161"},
    {file = "orjson-3.10.11-cp38-none-win_amd64.whl", hash = "sha256:b592597fe551d518f42c5a2eb07422eb475aa8cfdc8c51e6da7054b836b26782"},
    {file = "orjson-3.10.11-cp39-cp39-macosx_10_15_x86_64.macosx_11_0_arm64.macosx_10_15_universal2.whl", hash = "sha256:c95f2ecafe709b4e5c733b5e2768ac569bed308623c85806c395d9cca00e08af"},
    {file = "orjson-3.10.11-cp39-cp39-manylinux_2_17_aarch64.manylinux2014_aarch64.whl", hash = "sha256:80c00d4acded0c51c98754fe8218cb49cb854f0f7eb39ea4641b7f71732d2cb7"},
    {file = "orjson-3.10.11-cp39-cp39-manylinux_2_17_armv7l.manylinux2014_armv7l.whl", hash = "sha256:461311b693d3d0a060439aa669c74f3603264d4e7a08faa68c47ae5a863f352d"},
    {file = "orjson-3.10.11-cp39-cp39-manylinux_2_17_ppc64le.manylinux2014_ppc64le.whl", hash = "sha256:52ca832f17d86a78cbab86cdc25f8c13756ebe182b6fc1a97d534051c18a08de"},
    {file = "orjson-3.10.11-cp39-cp39-manylinux_2_17_s390x.manylinux2014_s390x.whl", hash = "sha256:f4c57ea78a753812f528178aa2f1c57da633754c91d2124cb28991dab4c79a54"},
    {file = "orjson-3.10.11-cp39-cp39-manylinux_2_17_x86_64.manylinux2014_x86_64.whl", hash = "sha256:b7fcfc6f7ca046383fb954ba528587e0f9336828b568282b27579c49f8e16aad"},
    {file = "orjson-3.10.11-cp39-cp39-musllinux_1_2_aarch64.whl", hash = "sha256:86b9dd983857970c29e4c71bb3e95ff085c07d3e83e7c46ebe959bac07ebd80b"},
    {file = "orjson-3.10.11-cp39-cp39-musllinux_1_2_x86_64.whl", hash = "sha256:4d83f87582d223e54efb2242a79547611ba4ebae3af8bae1e80fa9a0af83bb7f"},
    {file = "orjson-3.10.11-cp39-none-win32.whl", hash = "sha256:9fd0ad1c129bc9beb1154c2655f177620b5beaf9a11e0d10bac63ef3fce96950"},
    {file = "orjson-3.10.11-cp39-none-win_amd64.whl", hash = "sha256:10f416b2a017c8bd17f325fb9dee1fb5cdd7a54e814284896b7c3f2763faa017"},
    {file = "orjson-3.10.11.tar.gz", hash = "sha256:e35b6d730de6384d5b2dab5fd23f0d76fae8bbc8c353c2f78210aa5fa4beb3ef"},
]

[[package]]
name = "packaging"
version = "24.2"
description = "Core utilities for Python packages"
optional = false
python-versions = ">=3.8"
files = [
    {file = "packaging-24.2-py3-none-any.whl", hash = "sha256:09abb1bccd265c01f4a3aa3f7a7db064b36514d2cba19a2f694fe6150451a759"},
    {file = "packaging-24.2.tar.gz", hash = "sha256:c228a6dc5e932d346bc5739379109d49e8853dd8223571c7c5b55260edc0b97f"},
]

[[package]]
name = "pathspec"
version = "0.12.1"
description = "Utility library for gitignore style pattern matching of file paths."
optional = false
python-versions = ">=3.8"
files = [
    {file = "pathspec-0.12.1-py3-none-any.whl", hash = "sha256:a0d503e138a4c123b27490a4f7beda6a01c6f288df0e4a8b79c7eb0dc7b4cc08"},
    {file = "pathspec-0.12.1.tar.gz", hash = "sha256:a482d51503a1ab33b1c67a6c3813a26953dbdc71c31dacaef9a838c4e29f5712"},
]

[[package]]
name = "platformdirs"
version = "4.3.6"
description = "A small Python package for determining appropriate platform-specific dirs, e.g. a `user data dir`."
optional = false
python-versions = ">=3.8"
files = [
    {file = "platformdirs-4.3.6-py3-none-any.whl", hash = "sha256:73e575e1408ab8103900836b97580d5307456908a03e92031bab39e4554cc3fb"},
    {file = "platformdirs-4.3.6.tar.gz", hash = "sha256:357fb2acbc885b0419afd3ce3ed34564c13c9b95c89360cd9563f73aa5e2b907"},
]

[package.extras]
docs = ["furo (>=2024.8.6)", "proselint (>=0.14)", "sphinx (>=8.0.2)", "sphinx-autodoc-typehints (>=2.4)"]
test = ["appdirs (==1.4.4)", "covdefaults (>=2.3)", "pytest (>=8.3.2)", "pytest-cov (>=5)", "pytest-mock (>=3.14)"]
type = ["mypy (>=1.11.2)"]

[[package]]
name = "psycopg2-binary"
version = "2.9.10"
description = "psycopg2 - Python-PostgreSQL Database Adapter"
optional = false
python-versions = ">=3.8"
files = [
    {file = "psycopg2-binary-2.9.10.tar.gz", hash = "sha256:4b3df0e6990aa98acda57d983942eff13d824135fe2250e6522edaa782a06de2"},
    {file = "psycopg2_binary-2.9.10-cp310-cp310-macosx_12_0_x86_64.whl", hash = "sha256:0ea8e3d0ae83564f2fc554955d327fa081d065c8ca5cc6d2abb643e2c9c1200f"},
    {file = "psycopg2_binary-2.9.10-cp310-cp310-macosx_14_0_arm64.whl", hash = "sha256:3e9c76f0ac6f92ecfc79516a8034a544926430f7b080ec5a0537bca389ee0906"},
    {file = "psycopg2_binary-2.9.10-cp310-cp310-manylinux_2_17_aarch64.manylinux2014_aarch64.whl", hash = "sha256:2ad26b467a405c798aaa1458ba09d7e2b6e5f96b1ce0ac15d82fd9f95dc38a92"},
    {file = "psycopg2_binary-2.9.10-cp310-cp310-manylinux_2_17_i686.manylinux2014_i686.whl", hash = "sha256:270934a475a0e4b6925b5f804e3809dd5f90f8613621d062848dd82f9cd62007"},
    {file = "psycopg2_binary-2.9.10-cp310-cp310-manylinux_2_17_ppc64le.manylinux2014_ppc64le.whl", hash = "sha256:48b338f08d93e7be4ab2b5f1dbe69dc5e9ef07170fe1f86514422076d9c010d0"},
    {file = "psycopg2_binary-2.9.10-cp310-cp310-manylinux_2_17_x86_64.manylinux2014_x86_64.whl", hash = "sha256:7f4152f8f76d2023aac16285576a9ecd2b11a9895373a1f10fd9db54b3ff06b4"},
    {file = "psycopg2_binary-2.9.10-cp310-cp310-musllinux_1_2_aarch64.whl", hash = "sha256:32581b3020c72d7a421009ee1c6bf4a131ef5f0a968fab2e2de0c9d2bb4577f1"},
    {file = "psycopg2_binary-2.9.10-cp310-cp310-musllinux_1_2_i686.whl", hash = "sha256:2ce3e21dc3437b1d960521eca599d57408a695a0d3c26797ea0f72e834c7ffe5"},
    {file = "psycopg2_binary-2.9.10-cp310-cp310-musllinux_1_2_ppc64le.whl", hash = "sha256:e984839e75e0b60cfe75e351db53d6db750b00de45644c5d1f7ee5d1f34a1ce5"},
    {file = "psycopg2_binary-2.9.10-cp310-cp310-musllinux_1_2_x86_64.whl", hash = "sha256:3c4745a90b78e51d9ba06e2088a2fe0c693ae19cc8cb051ccda44e8df8a6eb53"},
    {file = "psycopg2_binary-2.9.10-cp310-cp310-win32.whl", hash = "sha256:e5720a5d25e3b99cd0dc5c8a440570469ff82659bb09431c1439b92caf184d3b"},
    {file = "psycopg2_binary-2.9.10-cp310-cp310-win_amd64.whl", hash = "sha256:3c18f74eb4386bf35e92ab2354a12c17e5eb4d9798e4c0ad3a00783eae7cd9f1"},
    {file = "psycopg2_binary-2.9.10-cp311-cp311-macosx_12_0_x86_64.whl", hash = "sha256:04392983d0bb89a8717772a193cfaac58871321e3ec69514e1c4e0d4957b5aff"},
    {file = "psycopg2_binary-2.9.10-cp311-cp311-macosx_14_0_arm64.whl", hash = "sha256:1a6784f0ce3fec4edc64e985865c17778514325074adf5ad8f80636cd029ef7c"},
    {file = "psycopg2_binary-2.9.10-cp311-cp311-manylinux_2_17_aarch64.manylinux2014_aarch64.whl", hash = "sha256:b5f86c56eeb91dc3135b3fd8a95dc7ae14c538a2f3ad77a19645cf55bab1799c"},
    {file = "psycopg2_binary-2.9.10-cp311-cp311-manylinux_2_17_i686.manylinux2014_i686.whl", hash = "sha256:2b3d2491d4d78b6b14f76881905c7a8a8abcf974aad4a8a0b065273a0ed7a2cb"},
    {file = "psycopg2_binary-2.9.10-cp311-cp311-manylinux_2_17_ppc64le.manylinux2014_ppc64le.whl", hash = "sha256:2286791ececda3a723d1910441c793be44625d86d1a4e79942751197f4d30341"},
    {file = "psycopg2_binary-2.9.10-cp311-cp311-manylinux_2_17_x86_64.manylinux2014_x86_64.whl", hash = "sha256:512d29bb12608891e349af6a0cccedce51677725a921c07dba6342beaf576f9a"},
    {file = "psycopg2_binary-2.9.10-cp311-cp311-musllinux_1_2_aarch64.whl", hash = "sha256:5a507320c58903967ef7384355a4da7ff3f28132d679aeb23572753cbf2ec10b"},
    {file = "psycopg2_binary-2.9.10-cp311-cp311-musllinux_1_2_i686.whl", hash = "sha256:6d4fa1079cab9018f4d0bd2db307beaa612b0d13ba73b5c6304b9fe2fb441ff7"},
    {file = "psycopg2_binary-2.9.10-cp311-cp311-musllinux_1_2_ppc64le.whl", hash = "sha256:851485a42dbb0bdc1edcdabdb8557c09c9655dfa2ca0460ff210522e073e319e"},
    {file = "psycopg2_binary-2.9.10-cp311-cp311-musllinux_1_2_x86_64.whl", hash = "sha256:35958ec9e46432d9076286dda67942ed6d968b9c3a6a2fd62b48939d1d78bf68"},
    {file = "psycopg2_binary-2.9.10-cp311-cp311-win32.whl", hash = "sha256:ecced182e935529727401b24d76634a357c71c9275b356efafd8a2a91ec07392"},
    {file = "psycopg2_binary-2.9.10-cp311-cp311-win_amd64.whl", hash = "sha256:ee0e8c683a7ff25d23b55b11161c2663d4b099770f6085ff0a20d4505778d6b4"},
    {file = "psycopg2_binary-2.9.10-cp312-cp312-macosx_12_0_x86_64.whl", hash = "sha256:880845dfe1f85d9d5f7c412efea7a08946a46894537e4e5d091732eb1d34d9a0"},
    {file = "psycopg2_binary-2.9.10-cp312-cp312-macosx_14_0_arm64.whl", hash = "sha256:9440fa522a79356aaa482aa4ba500b65f28e5d0e63b801abf6aa152a29bd842a"},
    {file = "psycopg2_binary-2.9.10-cp312-cp312-manylinux_2_17_aarch64.manylinux2014_aarch64.whl", hash = "sha256:e3923c1d9870c49a2d44f795df0c889a22380d36ef92440ff618ec315757e539"},
    {file = "psycopg2_binary-2.9.10-cp312-cp312-manylinux_2_17_i686.manylinux2014_i686.whl", hash = "sha256:7b2c956c028ea5de47ff3a8d6b3cc3330ab45cf0b7c3da35a2d6ff8420896526"},
    {file = "psycopg2_binary-2.9.10-cp312-cp312-manylinux_2_17_ppc64le.manylinux2014_ppc64le.whl", hash = "sha256:f758ed67cab30b9a8d2833609513ce4d3bd027641673d4ebc9c067e4d208eec1"},
    {file = "psycopg2_binary-2.9.10-cp312-cp312-manylinux_2_17_x86_64.manylinux2014_x86_64.whl", hash = "sha256:8cd9b4f2cfab88ed4a9106192de509464b75a906462fb846b936eabe45c2063e"},
    {file = "psycopg2_binary-2.9.10-cp312-cp312-musllinux_1_2_aarch64.whl", hash = "sha256:6dc08420625b5a20b53551c50deae6e231e6371194fa0651dbe0fb206452ae1f"},
    {file = "psycopg2_binary-2.9.10-cp312-cp312-musllinux_1_2_i686.whl", hash = "sha256:d7cd730dfa7c36dbe8724426bf5612798734bff2d3c3857f36f2733f5bfc7c00"},
    {file = "psycopg2_binary-2.9.10-cp312-cp312-musllinux_1_2_ppc64le.whl", hash = "sha256:155e69561d54d02b3c3209545fb08938e27889ff5a10c19de8d23eb5a41be8a5"},
    {file = "psycopg2_binary-2.9.10-cp312-cp312-musllinux_1_2_x86_64.whl", hash = "sha256:c3cc28a6fd5a4a26224007712e79b81dbaee2ffb90ff406256158ec4d7b52b47"},
    {file = "psycopg2_binary-2.9.10-cp312-cp312-win32.whl", hash = "sha256:ec8a77f521a17506a24a5f626cb2aee7850f9b69a0afe704586f63a464f3cd64"},
    {file = "psycopg2_binary-2.9.10-cp312-cp312-win_amd64.whl", hash = "sha256:18c5ee682b9c6dd3696dad6e54cc7ff3a1a9020df6a5c0f861ef8bfd338c3ca0"},
    {file = "psycopg2_binary-2.9.10-cp313-cp313-macosx_12_0_x86_64.whl", hash = "sha256:26540d4a9a4e2b096f1ff9cce51253d0504dca5a85872c7f7be23be5a53eb18d"},
    {file = "psycopg2_binary-2.9.10-cp313-cp313-macosx_14_0_arm64.whl", hash = "sha256:e217ce4d37667df0bc1c397fdcd8de5e81018ef305aed9415c3b093faaeb10fb"},
    {file = "psycopg2_binary-2.9.10-cp313-cp313-manylinux_2_17_aarch64.manylinux2014_aarch64.whl", hash = "sha256:245159e7ab20a71d989da00f280ca57da7641fa2cdcf71749c193cea540a74f7"},
    {file = "psycopg2_binary-2.9.10-cp313-cp313-manylinux_2_17_i686.manylinux2014_i686.whl", hash = "sha256:3c4ded1a24b20021ebe677b7b08ad10bf09aac197d6943bfe6fec70ac4e4690d"},
    {file = "psycopg2_binary-2.9.10-cp313-cp313-manylinux_2_17_ppc64le.manylinux2014_ppc64le.whl", hash = "sha256:3abb691ff9e57d4a93355f60d4f4c1dd2d68326c968e7db17ea96df3c023ef73"},
    {file = "psycopg2_binary-2.9.10-cp313-cp313-manylinux_2_17_x86_64.manylinux2014_x86_64.whl", hash = "sha256:8608c078134f0b3cbd9f89b34bd60a943b23fd33cc5f065e8d5f840061bd0673"},
    {file = "psycopg2_binary-2.9.10-cp313-cp313-musllinux_1_2_aarch64.whl", hash = "sha256:230eeae2d71594103cd5b93fd29d1ace6420d0b86f4778739cb1a5a32f607d1f"},
    {file = "psycopg2_binary-2.9.10-cp313-cp313-musllinux_1_2_i686.whl", hash = "sha256:bb89f0a835bcfc1d42ccd5f41f04870c1b936d8507c6df12b7737febc40f0909"},
    {file = "psycopg2_binary-2.9.10-cp313-cp313-musllinux_1_2_ppc64le.whl", hash = "sha256:f0c2d907a1e102526dd2986df638343388b94c33860ff3bbe1384130828714b1"},
    {file = "psycopg2_binary-2.9.10-cp313-cp313-musllinux_1_2_x86_64.whl", hash = "sha256:f8157bed2f51db683f31306aa497311b560f2265998122abe1dce6428bd86567"},
    {file = "psycopg2_binary-2.9.10-cp38-cp38-macosx_12_0_x86_64.whl", hash = "sha256:eb09aa7f9cecb45027683bb55aebaaf45a0df8bf6de68801a6afdc7947bb09d4"},
    {file = "psycopg2_binary-2.9.10-cp38-cp38-manylinux_2_17_aarch64.manylinux2014_aarch64.whl", hash = "sha256:b73d6d7f0ccdad7bc43e6d34273f70d587ef62f824d7261c4ae9b8b1b6af90e8"},
    {file = "psycopg2_binary-2.9.10-cp38-cp38-manylinux_2_17_i686.manylinux2014_i686.whl", hash = "sha256:ce5ab4bf46a211a8e924d307c1b1fcda82368586a19d0a24f8ae166f5c784864"},
    {file = "psycopg2_binary-2.9.10-cp38-cp38-manylinux_2_17_ppc64le.manylinux2014_ppc64le.whl", hash = "sha256:056470c3dc57904bbf63d6f534988bafc4e970ffd50f6271fc4ee7daad9498a5"},
    {file = "psycopg2_binary-2.9.10-cp38-cp38-manylinux_2_17_x86_64.manylinux2014_x86_64.whl", hash = "sha256:73aa0e31fa4bb82578f3a6c74a73c273367727de397a7a0f07bd83cbea696baa"},
    {file = "psycopg2_binary-2.9.10-cp38-cp38-musllinux_1_2_aarch64.whl", hash = "sha256:8de718c0e1c4b982a54b41779667242bc630b2197948405b7bd8ce16bcecac92"},
    {file = "psycopg2_binary-2.9.10-cp38-cp38-musllinux_1_2_i686.whl", hash = "sha256:5c370b1e4975df846b0277b4deba86419ca77dbc25047f535b0bb03d1a544d44"},
    {file = "psycopg2_binary-2.9.10-cp38-cp38-musllinux_1_2_ppc64le.whl", hash = "sha256:ffe8ed017e4ed70f68b7b371d84b7d4a790368db9203dfc2d222febd3a9c8863"},
    {file = "psycopg2_binary-2.9.10-cp38-cp38-musllinux_1_2_x86_64.whl", hash = "sha256:8aecc5e80c63f7459a1a2ab2c64df952051df196294d9f739933a9f6687e86b3"},
    {file = "psycopg2_binary-2.9.10-cp39-cp39-macosx_12_0_x86_64.whl", hash = "sha256:7a813c8bdbaaaab1f078014b9b0b13f5de757e2b5d9be6403639b298a04d218b"},
    {file = "psycopg2_binary-2.9.10-cp39-cp39-manylinux_2_17_aarch64.manylinux2014_aarch64.whl", hash = "sha256:d00924255d7fc916ef66e4bf22f354a940c67179ad3fd7067d7a0a9c84d2fbfc"},
    {file = "psycopg2_binary-2.9.10-cp39-cp39-manylinux_2_17_i686.manylinux2014_i686.whl", hash = "sha256:7559bce4b505762d737172556a4e6ea8a9998ecac1e39b5233465093e8cee697"},
    {file = "psycopg2_binary-2.9.10-cp39-cp39-manylinux_2_17_ppc64le.manylinux2014_ppc64le.whl", hash = "sha256:e8b58f0a96e7a1e341fc894f62c1177a7c83febebb5ff9123b579418fdc8a481"},
    {file = "psycopg2_binary-2.9.10-cp39-cp39-manylinux_2_17_x86_64.manylinux2014_x86_64.whl", hash = "sha256:6b269105e59ac96aba877c1707c600ae55711d9dcd3fc4b5012e4af68e30c648"},
    {file = "psycopg2_binary-2.9.10-cp39-cp39-musllinux_1_2_aarch64.whl", hash = "sha256:79625966e176dc97ddabc142351e0409e28acf4660b88d1cf6adb876d20c490d"},
    {file = "psycopg2_binary-2.9.10-cp39-cp39-musllinux_1_2_i686.whl", hash = "sha256:8aabf1c1a04584c168984ac678a668094d831f152859d06e055288fa515e4d30"},
    {file = "psycopg2_binary-2.9.10-cp39-cp39-musllinux_1_2_ppc64le.whl", hash = "sha256:19721ac03892001ee8fdd11507e6a2e01f4e37014def96379411ca99d78aeb2c"},
    {file = "psycopg2_binary-2.9.10-cp39-cp39-musllinux_1_2_x86_64.whl", hash = "sha256:7f5d859928e635fa3ce3477704acee0f667b3a3d3e4bb109f2b18d4005f38287"},
    {file = "psycopg2_binary-2.9.10-cp39-cp39-win32.whl", hash = "sha256:3216ccf953b3f267691c90c6fe742e45d890d8272326b4a8b20850a03d05b7b8"},
    {file = "psycopg2_binary-2.9.10-cp39-cp39-win_amd64.whl", hash = "sha256:30e34c4e97964805f715206c7b789d54a78b70f3ff19fbe590104b71c45600e5"},
]

[[package]]
name = "python-dotenv"
version = "1.0.1"
description = "Read key-value pairs from a .env file and set them as environment variables"
optional = false
python-versions = ">=3.8"
files = [
    {file = "python-dotenv-1.0.1.tar.gz", hash = "sha256:e324ee90a023d808f1959c46bcbc04446a10ced277783dc6ee09987c37ec10ca"},
    {file = "python_dotenv-1.0.1-py3-none-any.whl", hash = "sha256:f7b63ef50f1b690dddf550d03497b66d609393b40b564ed0d674909a68ebf16a"},
]

[package.extras]
cli = ["click (>=5.0)"]

[[package]]
name = "redis"
version = "5.2.0"
description = "Python client for Redis database and key-value store"
optional = false
python-versions = ">=3.8"
files = [
    {file = "redis-5.2.0-py3-none-any.whl", hash = "sha256:ae174f2bb3b1bf2b09d54bf3e51fbc1469cf6c10aa03e21141f51969801a7897"},
    {file = "redis-5.2.0.tar.gz", hash = "sha256:0b1087665a771b1ff2e003aa5bdd354f15a70c9e25d5a7dbf9c722c16528a7b0"},
]

[package.extras]
hiredis = ["hiredis (>=3.0.0)"]
ocsp = ["cryptography (>=36.0.1)", "pyopenssl (==23.2.1)", "requests (>=2.31.0)"]

[[package]]
name = "sqlparse"
version = "0.5.1"
description = "A non-validating SQL parser."
optional = false
python-versions = ">=3.8"
files = [
    {file = "sqlparse-0.5.1-py3-none-any.whl", hash = "sha256:773dcbf9a5ab44a090f3441e2180efe2560220203dc2f8c0b0fa141e18b505e4"},
    {file = "sqlparse-0.5.1.tar.gz", hash = "sha256:bb6b4df465655ef332548e24f08e205afc81b9ab86cb1c45657a7ff173a3a00e"},
]

[package.extras]
dev = ["build", "hatch"]
doc = ["sphinx"]

[[package]]
name = "types-pyyaml"
version = "6.0.12.20240917"
description = "Typing stubs for PyYAML"
optional = false
python-versions = ">=3.8"
files = [
    {file = "types-PyYAML-6.0.12.20240917.tar.gz", hash = "sha256:d1405a86f9576682234ef83bcb4e6fff7c9305c8b1fbad5e0bcd4f7dbdc9c587"},
    {file = "types_PyYAML-6.0.12.20240917-py3-none-any.whl", hash = "sha256:392b267f1c0fe6022952462bf5d6523f31e37f6cea49b14cee7ad634b6301570"},
]

[[package]]
name = "typing-extensions"
version = "4.12.2"
description = "Backported and Experimental Type Hints for Python 3.8+"
optional = false
python-versions = ">=3.8"
files = [
    {file = "typing_extensions-4.12.2-py3-none-any.whl", hash = "sha256:04e5ca0351e0f3f85c6853954072df659d0d13fac324d0072316b67d7794700d"},
    {file = "typing_extensions-4.12.2.tar.gz", hash = "sha256:1a7ead55c7e559dd4dee8856e3a88b41225abfe1ce8df57b7c13915fe121ffb8"},
]

[[package]]
name = "tzdata"
version = "2024.2"
description = "Provider of IANA time zone data"
optional = false
python-versions = ">=2"
files = [
    {file = "tzdata-2024.2-py2.py3-none-any.whl", hash = "sha256:a48093786cdcde33cad18c2555e8532f34422074448fbc874186f0abd79565cd"},
    {file = "tzdata-2024.2.tar.gz", hash = "sha256:7d85cc416e9382e69095b7bdf4afd9e3880418a2413feec7069d533d6b4e31cc"},
]

[metadata]
lock-version = "2.0"
python-versions = "^3.12"
content-hash = "5118306b8c5a0145950339e36c9a6f97bb314f9298d42c90b2547832ab178977"
